
Microsoft Visual Studio Solution File, Format Version 12.00
# Visual Studio 15
Project("{FAE04EC0-301F-11D3-BF4B-00C04F79EFBC}") = "Xamarin.Forms.Mvvm", "Xamarin.Forms.Mvvm\Xamarin.Forms.Mvvm.csproj", "{BD7197C0-061B-4E84-9122-5BD1D5098FE2}"
EndProject
Project("{FAE04EC0-301F-11D3-BF4B-00C04F79EFBC}") = "Xamarin.Forms.Mvvm.Tests", "Xamarin.Forms.Mvvm.Tests\Xamarin.Forms.Mvvm.Tests.csproj", "{A0D486D3-D072-4AA5-BA64-34E0ED3049EB}"
EndProject
Global
	GlobalSection(SolutionConfigurationPlatforms) = preSolution
		Debug|Any CPU = Debug|Any CPU
		Release|Any CPU = Release|Any CPU
	EndGlobalSection
	GlobalSection(ProjectConfigurationPlatforms) = postSolution
		{BD7197C0-061B-4E84-9122-5BD1D5098FE2}.Debug|Any CPU.ActiveCfg = Debug|Any CPU
		{BD7197C0-061B-4E84-9122-5BD1D5098FE2}.Debug|Any CPU.Build.0 = Debug|Any CPU
		{BD7197C0-061B-4E84-9122-5BD1D5098FE2}.Release|Any CPU.ActiveCfg = Release|Any CPU
		{BD7197C0-061B-4E84-9122-5BD1D5098FE2}.Release|Any CPU.Build.0 = Release|Any CPU
		{A0D486D3-D072-4AA5-BA64-34E0ED3049EB}.Debug|Any CPU.ActiveCfg = Debug|Any CPU
		{A0D486D3-D072-4AA5-BA64-34E0ED3049EB}.Debug|Any CPU.Build.0 = Debug|Any CPU
		{A0D486D3-D072-4AA5-BA64-34E0ED3049EB}.Release|Any CPU.ActiveCfg = Release|Any CPU
		{A0D486D3-D072-4AA5-BA64-34E0ED3049EB}.Release|Any CPU.Build.0 = Release|Any CPU
	EndGlobalSection
EndGlobal
